// !$*UTF8*$!
{
	archiveVersion = 1;
	classes = {
	};
	objectVersion = 52;
	objects = {

/* Begin PBXBuildFile section */
		0F30950A2635392E00BABD8B /* AppDelegate.swift in Sources */ = {isa = PBXBuildFile; fileRef = 0F3095092635392E00BABD8B /* AppDelegate.swift */; };
		0F30950E2635392E00BABD8B /* ViewController.swift in Sources */ = {isa = PBXBuildFile; fileRef = 0F30950D2635392E00BABD8B /* ViewController.swift */; };
		0F3095132635392F00BABD8B /* Assets.xcassets in Resources */ = {isa = PBXBuildFile; fileRef = 0F3095122635392F00BABD8B /* Assets.xcassets */; };
		0F3095162635392F00BABD8B /* LaunchScreen.storyboard in Resources */ = {isa = PBXBuildFile; fileRef = 0F3095142635392F00BABD8B /* LaunchScreen.storyboard */; };
		0F3095212635392F00BABD8B /* FWheelTests.swift in Sources */ = {isa = PBXBuildFile; fileRef = 0F3095202635392F00BABD8B /* FWheelTests.swift */; };
		0F30952C2635392F00BABD8B /* FWheelUITests.swift in Sources */ = {isa = PBXBuildFile; fileRef = 0F30952B2635392F00BABD8B /* FWheelUITests.swift */; };
		0F30954326353A0400BABD8B /* FortuneWheelLayer.swift in Sources */ = {isa = PBXBuildFile; fileRef = 0F30954226353A0400BABD8B /* FortuneWheelLayer.swift */; };
		0F30954826353A6800BABD8B /* TTFortuneWheel.swift in Sources */ = {isa = PBXBuildFile; fileRef = 0F30954726353A6800BABD8B /* TTFortuneWheel.swift */; };
		0F30954D26353B2900BABD8B /* SpinningWheelAnimator.swift in Sources */ = {isa = PBXBuildFile; fileRef = 0F30954C26353B2900BABD8B /* SpinningWheelAnimator.swift */; };
		0F30955226353BFD00BABD8B /* SpinningWheelSliceProtocol .swift in Sources */ = {isa = PBXBuildFile; fileRef = 0F30955126353BFD00BABD8B /* SpinningWheelSliceProtocol .swift */; };
		0F30955726353CFF00BABD8B /* Utils.swift in Sources */ = {isa = PBXBuildFile; fileRef = 0F30955626353CFF00BABD8B /* Utils.swift */; };
		0F30956226353DBC00BABD8B /* SpinningWheelSliceImpl.swift in Sources */ = {isa = PBXBuildFile; fileRef = 0F30956126353DBC00BABD8B /* SpinningWheelSliceImpl.swift */; };
		0F30956A2635408900BABD8B /* CarnivalWheelSlice.swift in Sources */ = {isa = PBXBuildFile; fileRef = 0F3095692635408900BABD8B /* CarnivalWheelSlice.swift */; };
		0F30957326354A8000BABD8B /* Lobster_1.3.otf in Resources */ = {isa = PBXBuildFile; fileRef = 0F30956F26354A8000BABD8B /* Lobster_1.3.otf */; };
		0F30957426354A8000BABD8B /* Chunkfive.otf in Resources */ = {isa = PBXBuildFile; fileRef = 0F30957026354A8000BABD8B /* Chunkfive.otf */; };
		0F30957526354A8000BABD8B /* Phosphate.ttc in Resources */ = {isa = PBXBuildFile; fileRef = 0F30957126354A8000BABD8B /* Phosphate.ttc */; };
		0F30957626354A8000BABD8B /* BEBAS___.ttf in Resources */ = {isa = PBXBuildFile; fileRef = 0F30957226354A8000BABD8B /* BEBAS___.ttf */; };
		0F30958726355B3A00BABD8B /* SnapKit in Frameworks */ = {isa = PBXBuildFile; productRef = 0F30958626355B3A00BABD8B /* SnapKit */; };
		0F3095922636AA8A00BABD8B /* Colors.swift in Sources */ = {isa = PBXBuildFile; fileRef = 0F3095912636AA8A00BABD8B /* Colors.swift */; };
		0F3095972636AAA200BABD8B /* UIColor+extensions.swift in Sources */ = {isa = PBXBuildFile; fileRef = 0F3095962636AAA200BABD8B /* UIColor+extensions.swift */; };
		0F30959F2636BC9F00BABD8B /* Images.swift in Sources */ = {isa = PBXBuildFile; fileRef = 0F30959E2636BC9F00BABD8B /* Images.swift */; };
/* End PBXBuildFile section */

/* Begin PBXContainerItemProxy section */
		0F30951D2635392F00BABD8B /* PBXContainerItemProxy */ = {
			isa = PBXContainerItemProxy;
			containerPortal = 0F3094FE2635392E00BABD8B /* Project object */;
			proxyType = 1;
			remoteGlobalIDString = 0F3095052635392E00BABD8B;
			remoteInfo = FWheel;
		};
		0F3095282635392F00BABD8B /* PBXContainerItemProxy */ = {
			isa = PBXContainerItemProxy;
			containerPortal = 0F3094FE2635392E00BABD8B /* Project object */;
			proxyType = 1;
			remoteGlobalIDString = 0F3095052635392E00BABD8B;
			remoteInfo = FWheel;
		};
/* End PBXContainerItemProxy section */

/* Begin PBXFileReference section */
		0F3095062635392E00BABD8B /* FWheel.app */ = {isa = PBXFileReference; explicitFileType = wrapper.application; includeInIndex = 0; path = FWheel.app; sourceTree = BUILT_PRODUCTS_DIR; };
		0F3095092635392E00BABD8B /* AppDelegate.swift */ = {isa = PBXFileReference; lastKnownFileType = sourcecode.swift; path = AppDelegate.swift; sourceTree = "<group>"; };
		0F30950D2635392E00BABD8B /* ViewController.swift */ = {isa = PBXFileReference; lastKnownFileType = sourcecode.swift; path = ViewController.swift; sourceTree = "<group>"; };
		0F3095122635392F00BABD8B /* Assets.xcassets */ = {isa = PBXFileReference; lastKnownFileType = folder.assetcatalog; path = Assets.xcassets; sourceTree = "<group>"; };
		0F3095152635392F00BABD8B /* Base */ = {isa = PBXFileReference; lastKnownFileType = file.storyboard; name = Base; path = Base.lproj/LaunchScreen.storyboard; sourceTree = "<group>"; };
		0F3095172635392F00BABD8B /* Info.plist */ = {isa = PBXFileReference; lastKnownFileType = text.plist.xml; path = Info.plist; sourceTree = "<group>"; };
		0F30951C2635392F00BABD8B /* FWheelTests.xctest */ = {isa = PBXFileReference; explicitFileType = wrapper.cfbundle; includeInIndex = 0; path = FWheelTests.xctest; sourceTree = BUILT_PRODUCTS_DIR; };
		0F3095202635392F00BABD8B /* FWheelTests.swift */ = {isa = PBXFileReference; lastKnownFileType = sourcecode.swift; path = FWheelTests.swift; sourceTree = "<group>"; };
		0F3095222635392F00BABD8B /* Info.plist */ = {isa = PBXFileReference; lastKnownFileType = text.plist.xml; path = Info.plist; sourceTree = "<group>"; };
		0F3095272635392F00BABD8B /* FWheelUITests.xctest */ = {isa = PBXFileReference; explicitFileType = wrapper.cfbundle; includeInIndex = 0; path = FWheelUITests.xctest; sourceTree = BUILT_PRODUCTS_DIR; };
		0F30952B2635392F00BABD8B /* FWheelUITests.swift */ = {isa = PBXFileReference; lastKnownFileType = sourcecode.swift; path = FWheelUITests.swift; sourceTree = "<group>"; };
		0F30952D2635392F00BABD8B /* Info.plist */ = {isa = PBXFileReference; lastKnownFileType = text.plist.xml; path = Info.plist; sourceTree = "<group>"; };
		0F30954226353A0400BABD8B /* FortuneWheelLayer.swift */ = {isa = PBXFileReference; lastKnownFileType = sourcecode.swift; path = FortuneWheelLayer.swift; sourceTree = "<group>"; };
		0F30954726353A6800BABD8B /* TTFortuneWheel.swift */ = {isa = PBXFileReference; lastKnownFileType = sourcecode.swift; path = TTFortuneWheel.swift; sourceTree = "<group>"; };
		0F30954C26353B2900BABD8B /* SpinningWheelAnimator.swift */ = {isa = PBXFileReference; lastKnownFileType = sourcecode.swift; path = SpinningWheelAnimator.swift; sourceTree = "<group>"; };
		0F30955126353BFD00BABD8B /* SpinningWheelSliceProtocol .swift */ = {isa = PBXFileReference; lastKnownFileType = sourcecode.swift; path = "SpinningWheelSliceProtocol .swift"; sourceTree = "<group>"; };
		0F30955626353CFF00BABD8B /* Utils.swift */ = {isa = PBXFileReference; lastKnownFileType = sourcecode.swift; path = Utils.swift; sourceTree = "<group>"; };
		0F30956126353DBC00BABD8B /* SpinningWheelSliceImpl.swift */ = {isa = PBXFileReference; fileEncoding = 4; lastKnownFileType = sourcecode.swift; path = SpinningWheelSliceImpl.swift; sourceTree = "<group>"; };
		0F3095692635408900BABD8B /* CarnivalWheelSlice.swift */ = {isa = PBXFileReference; fileEncoding = 4; lastKnownFileType = sourcecode.swift; path = CarnivalWheelSlice.swift; sourceTree = "<group>"; };
		0F30956F26354A8000BABD8B /* Lobster_1.3.otf */ = {isa = PBXFileReference; lastKnownFileType = file; path = Lobster_1.3.otf; sourceTree = "<group>"; };
		0F30957026354A8000BABD8B /* Chunkfive.otf */ = {isa = PBXFileReference; lastKnownFileType = file; path = Chunkfive.otf; sourceTree = "<group>"; };
		0F30957126354A8000BABD8B /* Phosphate.ttc */ = {isa = PBXFileReference; lastKnownFileType = file; path = Phosphate.ttc; sourceTree = "<group>"; };
		0F30957226354A8000BABD8B /* BEBAS___.ttf */ = {isa = PBXFileReference; lastKnownFileType = file; path = "BEBAS___.ttf"; sourceTree = "<group>"; };
		0F3095912636AA8A00BABD8B /* Colors.swift */ = {isa = PBXFileReference; fileEncoding = 4; lastKnownFileType = sourcecode.swift; path = Colors.swift; sourceTree = "<group>"; };
		0F3095962636AAA200BABD8B /* UIColor+extensions.swift */ = {isa = PBXFileReference; fileEncoding = 4; lastKnownFileType = sourcecode.swift; path = "UIColor+extensions.swift"; sourceTree = "<group>"; };
		0F30959E2636BC9F00BABD8B /* Images.swift */ = {isa = PBXFileReference; fileEncoding = 4; lastKnownFileType = sourcecode.swift; path = Images.swift; sourceTree = "<group>"; };
/* End PBXFileReference section */

/* Begin PBXFrameworksBuildPhase section */
		0F3095032635392E00BABD8B /* Frameworks */ = {
			isa = PBXFrameworksBuildPhase;
			buildActionMask = 2147483647;
			files = (
				0F30958726355B3A00BABD8B /* SnapKit in Frameworks */,
			);
			runOnlyForDeploymentPostprocessing = 0;
		};
		0F3095192635392F00BABD8B /* Frameworks */ = {
			isa = PBXFrameworksBuildPhase;
			buildActionMask = 2147483647;
			files = (
			);
			runOnlyForDeploymentPostprocessing = 0;
		};
		0F3095242635392F00BABD8B /* Frameworks */ = {
			isa = PBXFrameworksBuildPhase;
			buildActionMask = 2147483647;
			files = (
			);
			runOnlyForDeploymentPostprocessing = 0;
		};
/* End PBXFrameworksBuildPhase section */

/* Begin PBXGroup section */
		0F3094FD2635392E00BABD8B = {
			isa = PBXGroup;
			children = (
				0F3095082635392E00BABD8B /* FWheel */,
				0F30951F2635392F00BABD8B /* FWheelTests */,
				0F30952A2635392F00BABD8B /* FWheelUITests */,
				0F3095072635392E00BABD8B /* Products */,
			);
			sourceTree = "<group>";
		};
		0F3095072635392E00BABD8B /* Products */ = {
			isa = PBXGroup;
			children = (
				0F3095062635392E00BABD8B /* FWheel.app */,
				0F30951C2635392F00BABD8B /* FWheelTests.xctest */,
				0F3095272635392F00BABD8B /* FWheelUITests.xctest */,
			);
			name = Products;
			sourceTree = "<group>";
		};
		0F3095082635392E00BABD8B /* FWheel */ = {
			isa = PBXGroup;
			children = (
				0F3095092635392E00BABD8B /* AppDelegate.swift */,
				0F30950D2635392E00BABD8B /* ViewController.swift */,
				0F30954C26353B2900BABD8B /* SpinningWheelAnimator.swift */,
				0F30954226353A0400BABD8B /* FortuneWheelLayer.swift */,
				0F30955126353BFD00BABD8B /* SpinningWheelSliceProtocol .swift */,
				0F30956126353DBC00BABD8B /* SpinningWheelSliceImpl.swift */,
				0F30954726353A6800BABD8B /* TTFortuneWheel.swift */,
				0F3095692635408900BABD8B /* CarnivalWheelSlice.swift */,
				0F30955626353CFF00BABD8B /* Utils.swift */,
				0F3095912636AA8A00BABD8B /* Colors.swift */,
				0F30959E2636BC9F00BABD8B /* Images.swift */,
				0F3095962636AAA200BABD8B /* UIColor+extensions.swift */,
				0F30956E26354A8000BABD8B /* Resources */,
				0F3095122635392F00BABD8B /* Assets.xcassets */,
				0F3095142635392F00BABD8B /* LaunchScreen.storyboard */,
				0F3095172635392F00BABD8B /* Info.plist */,
			);
			path = FWheel;
			sourceTree = "<group>";
		};
		0F30951F2635392F00BABD8B /* FWheelTests */ = {
			isa = PBXGroup;
			children = (
				0F3095202635392F00BABD8B /* FWheelTests.swift */,
				0F3095222635392F00BABD8B /* Info.plist */,
			);
			path = FWheelTests;
			sourceTree = "<group>";
		};
		0F30952A2635392F00BABD8B /* FWheelUITests */ = {
			isa = PBXGroup;
			children = (
				0F30952B2635392F00BABD8B /* FWheelUITests.swift */,
				0F30952D2635392F00BABD8B /* Info.plist */,
			);
			path = FWheelUITests;
			sourceTree = "<group>";
		};
		0F30956E26354A8000BABD8B /* Resources */ = {
			isa = PBXGroup;
			children = (
				0F30956F26354A8000BABD8B /* Lobster_1.3.otf */,
				0F30957026354A8000BABD8B /* Chunkfive.otf */,
				0F30957126354A8000BABD8B /* Phosphate.ttc */,
				0F30957226354A8000BABD8B /* BEBAS___.ttf */,
			);
			path = Resources;
			sourceTree = "<group>";
		};
/* End PBXGroup section */

/* Begin PBXNativeTarget section */
		0F3095052635392E00BABD8B /* FWheel */ = {
			isa = PBXNativeTarget;
			buildConfigurationList = 0F3095302635392F00BABD8B /* Build configuration list for PBXNativeTarget "FWheel" */;
			buildPhases = (
				0F3095022635392E00BABD8B /* Sources */,
				0F3095032635392E00BABD8B /* Frameworks */,
				0F3095042635392E00BABD8B /* Resources */,
			);
			buildRules = (
			);
			dependencies = (
			);
			name = FWheel;
			packageProductDependencies = (
				0F30958626355B3A00BABD8B /* SnapKit */,
			);
			productName = FWheel;
			productReference = 0F3095062635392E00BABD8B /* FWheel.app */;
			productType = "com.apple.product-type.application";
		};
		0F30951B2635392F00BABD8B /* FWheelTests */ = {
			isa = PBXNativeTarget;
			buildConfigurationList = 0F3095332635392F00BABD8B /* Build configuration list for PBXNativeTarget "FWheelTests" */;
			buildPhases = (
				0F3095182635392F00BABD8B /* Sources */,
				0F3095192635392F00BABD8B /* Frameworks */,
				0F30951A2635392F00BABD8B /* Resources */,
			);
			buildRules = (
			);
			dependencies = (
				0F30951E2635392F00BABD8B /* PBXTargetDependency */,
			);
			name = FWheelTests;
			productName = FWheelTests;
			productReference = 0F30951C2635392F00BABD8B /* FWheelTests.xctest */;
			productType = "com.apple.product-type.bundle.unit-test";
		};
		0F3095262635392F00BABD8B /* FWheelUITests */ = {
			isa = PBXNativeTarget;
			buildConfigurationList = 0F3095362635392F00BABD8B /* Build configuration list for PBXNativeTarget "FWheelUITests" */;
			buildPhases = (
				0F3095232635392F00BABD8B /* Sources */,
				0F3095242635392F00BABD8B /* Frameworks */,
				0F3095252635392F00BABD8B /* Resources */,
			);
			buildRules = (
			);
			dependencies = (
				0F3095292635392F00BABD8B /* PBXTargetDependency */,
			);
			name = FWheelUITests;
			productName = FWheelUITests;
			productReference = 0F3095272635392F00BABD8B /* FWheelUITests.xctest */;
			productType = "com.apple.product-type.bundle.ui-testing";
		};
/* End PBXNativeTarget section */

/* Begin PBXProject section */
		0F3094FE2635392E00BABD8B /* Project object */ = {
			isa = PBXProject;
			attributes = {
				LastSwiftUpdateCheck = 1240;
				LastUpgradeCheck = 1240;
				TargetAttributes = {
					0F3095052635392E00BABD8B = {
						CreatedOnToolsVersion = 12.4;
					};
					0F30951B2635392F00BABD8B = {
						CreatedOnToolsVersion = 12.4;
						TestTargetID = 0F3095052635392E00BABD8B;
					};
					0F3095262635392F00BABD8B = {
						CreatedOnToolsVersion = 12.4;
						TestTargetID = 0F3095052635392E00BABD8B;
					};
				};
			};
			buildConfigurationList = 0F3095012635392E00BABD8B /* Build configuration list for PBXProject "FWheel" */;
			compatibilityVersion = "Xcode 9.3";
			developmentRegion = en;
			hasScannedForEncodings = 0;
			knownRegions = (
				en,
				Base,
			);
			mainGroup = 0F3094FD2635392E00BABD8B;
			packageReferences = (
				0F30958526355B3A00BABD8B /* XCRemoteSwiftPackageReference "SnapKit" */,
			);
			productRefGroup = 0F3095072635392E00BABD8B /* Products */;
			projectDirPath = "";
			projectRoot = "";
			targets = (
				0F3095052635392E00BABD8B /* FWheel */,
				0F30951B2635392F00BABD8B /* FWheelTests */,
				0F3095262635392F00BABD8B /* FWheelUITests */,
			);
		};
/* End PBXProject section */

/* Begin PBXResourcesBuildPhase section */
		0F3095042635392E00BABD8B /* Resources */ = {
			isa = PBXResourcesBuildPhase;
			buildActionMask = 2147483647;
			files = (
				0F30957526354A8000BABD8B /* Phosphate.ttc in Resources */,
				0F3095162635392F00BABD8B /* LaunchScreen.storyboard in Resources */,
				0F3095132635392F00BABD8B /* Assets.xcassets in Resources */,
				0F30957326354A8000BABD8B /* Lobster_1.3.otf in Resources */,
				0F30957626354A8000BABD8B /* BEBAS___.ttf in Resources */,
				0F30957426354A8000BABD8B /* Chunkfive.otf in Resources */,
			);
			runOnlyForDeploymentPostprocessing = 0;
		};
		0F30951A2635392F00BABD8B /* Resources */ = {
			isa = PBXResourcesBuildPhase;
			buildActionMask = 2147483647;
			files = (
			);
			runOnlyForDeploymentPostprocessing = 0;
		};
		0F3095252635392F00BABD8B /* Resources */ = {
			isa = PBXResourcesBuildPhase;
			buildActionMask = 2147483647;
			files = (
			);
			runOnlyForDeploymentPostprocessing = 0;
		};
/* End PBXResourcesBuildPhase section */

/* Begin PBXSourcesBuildPhase section */
		0F3095022635392E00BABD8B /* Sources */ = {
			isa = PBXSourcesBuildPhase;
			buildActionMask = 2147483647;
			files = (
				0F30954D26353B2900BABD8B /* SpinningWheelAnimator.swift in Sources */,
				0F30959F2636BC9F00BABD8B /* Images.swift in Sources */,
				0F3095922636AA8A00BABD8B /* Colors.swift in Sources */,
				0F30954326353A0400BABD8B /* FortuneWheelLayer.swift in Sources */,
				0F3095972636AAA200BABD8B /* UIColor+extensions.swift in Sources */,
				0F30956A2635408900BABD8B /* CarnivalWheelSlice.swift in Sources */,
				0F30950E2635392E00BABD8B /* ViewController.swift in Sources */,
				0F30950A2635392E00BABD8B /* AppDelegate.swift in Sources */,
				0F30956226353DBC00BABD8B /* SpinningWheelSliceImpl.swift in Sources */,
				0F30955226353BFD00BABD8B /* SpinningWheelSliceProtocol .swift in Sources */,
				0F30954826353A6800BABD8B /* TTFortuneWheel.swift in Sources */,
				0F30955726353CFF00BABD8B /* Utils.swift in Sources */,
			);
			runOnlyForDeploymentPostprocessing = 0;
		};
		0F3095182635392F00BABD8B /* Sources */ = {
			isa = PBXSourcesBuildPhase;
			buildActionMask = 2147483647;
			files = (
				0F3095212635392F00BABD8B /* FWheelTests.swift in Sources */,
			);
			runOnlyForDeploymentPostprocessing = 0;
		};
		0F3095232635392F00BABD8B /* Sources */ = {
			isa = PBXSourcesBuildPhase;
			buildActionMask = 2147483647;
			files = (
				0F30952C2635392F00BABD8B /* FWheelUITests.swift in Sources */,
			);
			runOnlyForDeploymentPostprocessing = 0;
		};
/* End PBXSourcesBuildPhase section */

/* Begin PBXTargetDependency section */
		0F30951E2635392F00BABD8B /* PBXTargetDependency */ = {
			isa = PBXTargetDependency;
			target = 0F3095052635392E00BABD8B /* FWheel */;
			targetProxy = 0F30951D2635392F00BABD8B /* PBXContainerItemProxy */;
		};
		0F3095292635392F00BABD8B /* PBXTargetDependency */ = {
			isa = PBXTargetDependency;
			target = 0F3095052635392E00BABD8B /* FWheel */;
			targetProxy = 0F3095282635392F00BABD8B /* PBXContainerItemProxy */;
		};
/* End PBXTargetDependency section */

/* Begin PBXVariantGroup section */
		0F3095142635392F00BABD8B /* LaunchScreen.storyboard */ = {
			isa = PBXVariantGroup;
			children = (
				0F3095152635392F00BABD8B /* Base */,
			);
			name = LaunchScreen.storyboard;
			sourceTree = "<group>";
		};
/* End PBXVariantGroup section */

/* Begin XCBuildConfiguration section */
		0F30952E2635392F00BABD8B /* Debug */ = {
			isa = XCBuildConfiguration;
			buildSettings = {
				ALWAYS_SEARCH_USER_PATHS = NO;
				CLANG_ANALYZER_NONNULL = YES;
				CLANG_ANALYZER_NUMBER_OBJECT_CONVERSION = YES_AGGRESSIVE;
				CLANG_CXX_LANGUAGE_STANDARD = "gnu++14";
				CLANG_CXX_LIBRARY = "libc++";
				CLANG_ENABLE_MODULES = YES;
				CLANG_ENABLE_OBJC_ARC = YES;
				CLANG_ENABLE_OBJC_WEAK = YES;
				CLANG_WARN_BLOCK_CAPTURE_AUTORELEASING = YES;
				CLANG_WARN_BOOL_CONVERSION = YES;
				CLANG_WARN_COMMA = YES;
				CLANG_WARN_CONSTANT_CONVERSION = YES;
				CLANG_WARN_DEPRECATED_OBJC_IMPLEMENTATIONS = YES;
				CLANG_WARN_DIRECT_OBJC_ISA_USAGE = YES_ERROR;
				CLANG_WARN_DOCUMENTATION_COMMENTS = YES;
				CLANG_WARN_EMPTY_BODY = YES;
				CLANG_WARN_ENUM_CONVERSION = YES;
				CLANG_WARN_INFINITE_RECURSION = YES;
				CLANG_WARN_INT_CONVERSION = YES;
				CLANG_WARN_NON_LITERAL_NULL_CONVERSION = YES;
				CLANG_WARN_OBJC_IMPLICIT_RETAIN_SELF = YES;
				CLANG_WARN_OBJC_LITERAL_CONVERSION = YES;
				CLANG_WARN_OBJC_ROOT_CLASS = YES_ERROR;
				CLANG_WARN_QUOTED_INCLUDE_IN_FRAMEWORK_HEADER = YES;
				CLANG_WARN_RANGE_LOOP_ANALYSIS = YES;
				CLANG_WARN_STRICT_PROTOTYPES = YES;
				CLANG_WARN_SUSPICIOUS_MOVE = YES;
				CLANG_WARN_UNGUARDED_AVAILABILITY = YES_AGGRESSIVE;
				CLANG_WARN_UNREACHABLE_CODE = YES;
				CLANG_WARN__DUPLICATE_METHOD_MATCH = YES;
				COPY_PHASE_STRIP = NO;
				DEBUG_INFORMATION_FORMAT = dwarf;
				ENABLE_STRICT_OBJC_MSGSEND = YES;
				ENABLE_TESTABILITY = YES;
				GCC_C_LANGUAGE_STANDARD = gnu11;
				GCC_DYNAMIC_NO_PIC = NO;
				GCC_NO_COMMON_BLOCKS = YES;
				GCC_OPTIMIZATION_LEVEL = 0;
				GCC_PREPROCESSOR_DEFINITIONS = (
					"DEBUG=1",
					"$(inherited)",
				);
				GCC_WARN_64_TO_32_BIT_CONVERSION = YES;
				GCC_WARN_ABOUT_RETURN_TYPE = YES_ERROR;
				GCC_WARN_UNDECLARED_SELECTOR = YES;
				GCC_WARN_UNINITIALIZED_AUTOS = YES_AGGRESSIVE;
				GCC_WARN_UNUSED_FUNCTION = YES;
				GCC_WARN_UNUSED_VARIABLE = YES;
				IPHONEOS_DEPLOYMENT_TARGET = 14.4;
				MTL_ENABLE_DEBUG_INFO = INCLUDE_SOURCE;
				MTL_FAST_MATH = YES;
				ONLY_ACTIVE_ARCH = YES;
				SDKROOT = iphoneos;
				SWIFT_ACTIVE_COMPILATION_CONDITIONS = DEBUG;
				SWIFT_OPTIMIZATION_LEVEL = "-Onone";
			};
			name = Debug;
		};
		0F30952F2635392F00BABD8B /* Release */ = {
			isa = XCBuildConfiguration;
			buildSettings = {
				ALWAYS_SEARCH_USER_PATHS = NO;
				CLANG_ANALYZER_NONNULL = YES;
				CLANG_ANALYZER_NUMBER_OBJECT_CONVERSION = YES_AGGRESSIVE;
				CLANG_CXX_LANGUAGE_STANDARD = "gnu++14";
				CLANG_CXX_LIBRARY = "libc++";
				CLANG_ENABLE_MODULES = YES;
				CLANG_ENABLE_OBJC_ARC = YES;
				CLANG_ENABLE_OBJC_WEAK = YES;
				CLANG_WARN_BLOCK_CAPTURE_AUTORELEASING = YES;
				CLANG_WARN_BOOL_CONVERSION = YES;
				CLANG_WARN_COMMA = YES;
				CLANG_WARN_CONSTANT_CONVERSION = YES;
				CLANG_WARN_DEPRECATED_OBJC_IMPLEMENTATIONS = YES;
				CLANG_WARN_DIRECT_OBJC_ISA_USAGE = YES_ERROR;
				CLANG_WARN_DOCUMENTATION_COMMENTS = YES;
				CLANG_WARN_EMPTY_BODY = YES;
				CLANG_WARN_ENUM_CONVERSION = YES;
				CLANG_WARN_INFINITE_RECURSION = YES;
				CLANG_WARN_INT_CONVERSION = YES;
				CLANG_WARN_NON_LITERAL_NULL_CONVERSION = YES;
				CLANG_WARN_OBJC_IMPLICIT_RETAIN_SELF = YES;
				CLANG_WARN_OBJC_LITERAL_CONVERSION = YES;
				CLANG_WARN_OBJC_ROOT_CLASS = YES_ERROR;
				CLANG_WARN_QUOTED_INCLUDE_IN_FRAMEWORK_HEADER = YES;
				CLANG_WARN_RANGE_LOOP_ANALYSIS = YES;
				CLANG_WARN_STRICT_PROTOTYPES = YES;
				CLANG_WARN_SUSPICIOUS_MOVE = YES;
				CLANG_WARN_UNGUARDED_AVAILABILITY = YES_AGGRESSIVE;
				CLANG_WARN_UNREACHABLE_CODE = YES;
				CLANG_WARN__DUPLICATE_METHOD_MATCH = YES;
				COPY_PHASE_STRIP = NO;
				DEBUG_INFORMATION_FORMAT = "dwarf-with-dsym";
				ENABLE_NS_ASSERTIONS = NO;
				ENABLE_STRICT_OBJC_MSGSEND = YES;
				GCC_C_LANGUAGE_STANDARD = gnu11;
				GCC_NO_COMMON_BLOCKS = YES;
				GCC_WARN_64_TO_32_BIT_CONVERSION = YES;
				GCC_WARN_ABOUT_RETURN_TYPE = YES_ERROR;
				GCC_WARN_UNDECLARED_SELECTOR = YES;
				GCC_WARN_UNINITIALIZED_AUTOS = YES_AGGRESSIVE;
				GCC_WARN_UNUSED_FUNCTION = YES;
				GCC_WARN_UNUSED_VARIABLE = YES;
				IPHONEOS_DEPLOYMENT_TARGET = 14.4;
				MTL_ENABLE_DEBUG_INFO = NO;
				MTL_FAST_MATH = YES;
				SDKROOT = iphoneos;
				SWIFT_COMPILATION_MODE = wholemodule;
				SWIFT_OPTIMIZATION_LEVEL = "-O";
				VALIDATE_PRODUCT = YES;
			};
			name = Release;
		};
		0F3095312635392F00BABD8B /* Debug */ = {
			isa = XCBuildConfiguration;
			buildSettings = {
				ASSETCATALOG_COMPILER_APPICON_NAME = AppIcon;
				ASSETCATALOG_COMPILER_GLOBAL_ACCENT_COLOR_NAME = AccentColor;
				CODE_SIGN_STYLE = Automatic;
				DEVELOPMENT_TEAM = SB478V62H9;
				INFOPLIST_FILE = FWheel/Info.plist;
				LD_RUNPATH_SEARCH_PATHS = (
					"$(inherited)",
					"@executable_path/Frameworks",
				);
				PRODUCT_BUNDLE_IDENTIFIER = ru.adeveloper.FWheel;
				PRODUCT_NAME = "$(TARGET_NAME)";
				SWIFT_VERSION = 5.0;
				TARGETED_DEVICE_FAMILY = "1,2";
			};
			name = Debug;
		};
		0F3095322635392F00BABD8B /* Release */ = {
			isa = XCBuildConfiguration;
			buildSettings = {
				ASSETCATALOG_COMPILER_APPICON_NAME = AppIcon;
				ASSETCATALOG_COMPILER_GLOBAL_ACCENT_COLOR_NAME = AccentColor;
				CODE_SIGN_STYLE = Automatic;
				DEVELOPMENT_TEAM = SB478V62H9;
				INFOPLIST_FILE = FWheel/Info.plist;
				LD_RUNPATH_SEARCH_PATHS = (
					"$(inherited)",
					"@executable_path/Frameworks",
				);
				PRODUCT_BUNDLE_IDENTIFIER = ru.adeveloper.FWheel;
				PRODUCT_NAME = "$(TARGET_NAME)";
				SWIFT_VERSION = 5.0;
				TARGETED_DEVICE_FAMILY = "1,2";
			};
			name = Release;
		};
		0F3095342635392F00BABD8B /* Debug */ = {
			isa = XCBuildConfiguration;
			buildSettings = {
				ALWAYS_EMBED_SWIFT_STANDARD_LIBRARIES = YES;
				BUNDLE_LOADER = "$(TEST_HOST)";
				CODE_SIGN_STYLE = Automatic;
				DEVELOPMENT_TEAM = SB478V62H9;
				INFOPLIST_FILE = FWheelTests/Info.plist;
				IPHONEOS_DEPLOYMENT_TARGET = 14.4;
				LD_RUNPATH_SEARCH_PATHS = (
					"$(inherited)",
					"@executable_path/Frameworks",
					"@loader_path/Frameworks",
				);
				PRODUCT_BUNDLE_IDENTIFIER = ru.adeveloper.FWheelTests;
				PRODUCT_NAME = "$(TARGET_NAME)";
				SWIFT_VERSION = 5.0;
				TARGETED_DEVICE_FAMILY = "1,2";
				TEST_HOST = "$(BUILT_PRODUCTS_DIR)/FWheel.app/FWheel";
			};
			name = Debug;
		};
		0F3095352635392F00BABD8B /* Release */ = {
			isa = XCBuildConfiguration;
			buildSettings = {
				ALWAYS_EMBED_SWIFT_STANDARD_LIBRARIES = YES;
				BUNDLE_LOADER = "$(TEST_HOST)";
				CODE_SIGN_STYLE = Automatic;
				DEVELOPMENT_TEAM = SB478V62H9;
				INFOPLIST_FILE = FWheelTests/Info.plist;
				IPHONEOS_DEPLOYMENT_TARGET = 14.4;
				LD_RUNPATH_SEARCH_PATHS = (
					"$(inherited)",
					"@executable_path/Frameworks",
					"@loader_path/Frameworks",
				);
				PRODUCT_BUNDLE_IDENTIFIER = ru.adeveloper.FWheelTests;
				PRODUCT_NAME = "$(TARGET_NAME)";
				SWIFT_VERSION = 5.0;
				TARGETED_DEVICE_FAMILY = "1,2";
				TEST_HOST = "$(BUILT_PRODUCTS_DIR)/FWheel.app/FWheel";
			};
			name = Release;
		};
		0F3095372635392F00BABD8B /* Debug */ = {
			isa = XCBuildConfiguration;
			buildSettings = {
				ALWAYS_EMBED_SWIFT_STANDARD_LIBRARIES = YES;
				CODE_SIGN_STYLE = Automatic;
				DEVELOPMENT_TEAM = SB478V62H9;
				INFOPLIST_FILE = FWheelUITests/Info.plist;
				LD_RUNPATH_SEARCH_PATHS = (
					"$(inherited)",
					"@executable_path/Frameworks",
					"@loader_path/Frameworks",
				);
				PRODUCT_BUNDLE_IDENTIFIER = ru.adeveloper.FWheelUITests;
				PRODUCT_NAME = "$(TARGET_NAME)";
				SWIFT_VERSION = 5.0;
				TARGETED_DEVICE_FAMILY = "1,2";
				TEST_TARGET_NAME = FWheel;
			};
			name = Debug;
		};
		0F3095382635392F00BABD8B /* Release */ = {
			isa = XCBuildConfiguration;
			buildSettings = {
				ALWAYS_EMBED_SWIFT_STANDARD_LIBRARIES = YES;
				CODE_SIGN_STYLE = Automatic;
				DEVELOPMENT_TEAM = SB478V62H9;
				INFOPLIST_FILE = FWheelUITests/Info.plist;
				LD_RUNPATH_SEARCH_PATHS = (
					"$(inherited)",
					"@executable_path/Frameworks",
					"@loader_path/Frameworks",
				);
				PRODUCT_BUNDLE_IDENTIFIER = ru.adeveloper.FWheelUITests;
				PRODUCT_NAME = "$(TARGET_NAME)";
				SWIFT_VERSION = 5.0;
				TARGETED_DEVICE_FAMILY = "1,2";
				TEST_TARGET_NAME = FWheel;
			};
			name = Release;
		};
/* End XCBuildConfiguration section */

/* Begin XCConfigurationList section */
		0F3095012635392E00BABD8B /* Build configuration list for PBXProject "FWheel" */ = {
			isa = XCConfigurationList;
			buildConfigurations = (
				0F30952E2635392F00BABD8B /* Debug */,
				0F30952F2635392F00BABD8B /* Release */,
			);
			defaultConfigurationIsVisible = 0;
			defaultConfigurationName = Release;
		};
		0F3095302635392F00BABD8B /* Build configuration list for PBXNativeTarget "FWheel" */ = {
			isa = XCConfigurationList;
			buildConfigurations = (
				0F3095312635392F00BABD8B /* Debug */,
				0F3095322635392F00BABD8B /* Release */,
			);
			defaultConfigurationIsVisible = 0;
			defaultConfigurationName = Release;
		};
		0F3095332635392F00BABD8B /* Build configuration list for PBXNativeTarget "FWheelTests" */ = {
			isa = XCConfigurationList;
			buildConfigurations = (
				0F3095342635392F00BABD8B /* Debug */,
				0F3095352635392F00BABD8B /* Release */,
			);
			defaultConfigurationIsVisible = 0;
			defaultConfigurationName = Release;
		};
		0F3095362635392F00BABD8B /* Build configuration list for PBXNativeTarget "FWheelUITests" */ = {
			isa = XCConfigurationList;
			buildConfigurations = (
				0F3095372635392F00BABD8B /* Debug */,
				0F3095382635392F00BABD8B /* Release */,
			);
			defaultConfigurationIsVisible = 0;
			defaultConfigurationName = Release;
		};
/* End XCConfigurationList section */

/* Begin XCRemoteSwiftPackageReference section */
		0F30958526355B3A00BABD8B /* XCRemoteSwiftPackageReference "SnapKit" */ = {
			isa = XCRemoteSwiftPackageReference;
			repositoryURL = "https://github.com/SnapKit/SnapKit.git";
			requirement = {
				kind = upToNextMajorVersion;
				minimumVersion = 5.0.1;
			};
		};
/* End XCRemoteSwiftPackageReference section */

/* Begin XCSwiftPackageProductDependency section */
		0F30958626355B3A00BABD8B /* SnapKit */ = {
			isa = XCSwiftPackageProductDependency;
			package = 0F30958526355B3A00BABD8B /* XCRemoteSwiftPackageReference "SnapKit" */;
			productName = SnapKit;
		};
/* End XCSwiftPackageProductDependency section */
	};
	rootObject = 0F3094FE2635392E00BABD8B /* Project object */;
}
